// !$*UTF8*$!
{
	archiveVersion = 1;
	classes = {
	};
	objectVersion = 55;
	objects = {

/* Begin PBXBuildFile section */
		6CA3852826FEA689004A100D /* AppDelegate.swift in Sources */ = {isa = PBXBuildFile; fileRef = 6CA3852726FEA689004A100D /* AppDelegate.swift */; };
		6CA3852A26FEA689004A100D /* SceneDelegate.swift in Sources */ = {isa = PBXBuildFile; fileRef = 6CA3852926FEA689004A100D /* SceneDelegate.swift */; };
		6CA3852C26FEA689004A100D /* ViewController.swift in Sources */ = {isa = PBXBuildFile; fileRef = 6CA3852B26FEA689004A100D /* ViewController.swift */; };
		6CA3852F26FEA689004A100D /* Main.storyboard in Resources */ = {isa = PBXBuildFile; fileRef = 6CA3852D26FEA689004A100D /* Main.storyboard */; };
		6CA3853126FEA68B004A100D /* Assets.xcassets in Resources */ = {isa = PBXBuildFile; fileRef = 6CA3853026FEA68B004A100D /* Assets.xcassets */; };
		6CA3853426FEA68B004A100D /* LaunchScreen.storyboard in Resources */ = {isa = PBXBuildFile; fileRef = 6CA3853226FEA68B004A100D /* LaunchScreen.storyboard */; };
		6CA3853C26FEAA94004A100D /* PersonCell.swift in Sources */ = {isa = PBXBuildFile; fileRef = 6CA3853B26FEAA94004A100D /* PersonCell.swift */; };
		6CA3853E26FEAAAB004A100D /* Person.swift in Sources */ = {isa = PBXBuildFile; fileRef = 6CA3853D26FEAAAB004A100D /* Person.swift */; };
/* End PBXBuildFile section */

/* Begin PBXFileReference section */
		6CA3852426FEA689004A100D /* HwSwiftProj12PhotoLibraryUserDefaults.app */ = {isa = PBXFileReference; explicitFileType = wrapper.application; includeInIndex = 0; path = HwSwiftProj12PhotoLibraryUserDefaults.app; sourceTree = BUILT_PRODUCTS_DIR; };
		6CA3852726FEA689004A100D /* AppDelegate.swift */ = {isa = PBXFileReference; lastKnownFileType = sourcecode.swift; path = AppDelegate.swift; sourceTree = "<group>"; };
		6CA3852926FEA689004A100D /* SceneDelegate.swift */ = {isa = PBXFileReference; lastKnownFileType = sourcecode.swift; path = SceneDelegate.swift; sourceTree = "<group>"; };
		6CA3852B26FEA689004A100D /* ViewController.swift */ = {isa = PBXFileReference; lastKnownFileType = sourcecode.swift; path = ViewController.swift; sourceTree = "<group>"; };
		6CA3852E26FEA689004A100D /* Base */ = {isa = PBXFileReference; lastKnownFileType = file.storyboard; name = Base; path = Base.lproj/Main.storyboard; sourceTree = "<group>"; };
		6CA3853026FEA68B004A100D /* Assets.xcassets */ = {isa = PBXFileReference; lastKnownFileType = folder.assetcatalog; path = Assets.xcassets; sourceTree = "<group>"; };
		6CA3853326FEA68B004A100D /* Base */ = {isa = PBXFileReference; lastKnownFileType = file.storyboard; name = Base; path = Base.lproj/LaunchScreen.storyboard; sourceTree = "<group>"; };
		6CA3853526FEA68B004A100D /* Info.plist */ = {isa = PBXFileReference; lastKnownFileType = text.plist.xml; path = Info.plist; sourceTree = "<group>"; };
		6CA3853B26FEAA94004A100D /* PersonCell.swift */ = {isa = PBXFileReference; lastKnownFileType = sourcecode.swift; path = PersonCell.swift; sourceTree = "<group>"; };
		6CA3853D26FEAAAB004A100D /* Person.swift */ = {isa = PBXFileReference; lastKnownFileType = sourcecode.swift; path = Person.swift; sourceTree = "<group>"; };
/* End PBXFileReference section */

/* Begin PBXFrameworksBuildPhase section */
		6CA3852126FEA689004A100D /* Frameworks */ = {
			isa = PBXFrameworksBuildPhase;
			buildActionMask = 2147483647;
			files = (
			);
			runOnlyForDeploymentPostprocessing = 0;
		};
/* End PBXFrameworksBuildPhase section */

/* Begin PBXGroup section */
		6CA3851B26FEA689004A100D = {
			isa = PBXGroup;
			children = (
				6CA3852626FEA689004A100D /* HwSwiftProj12PhotoLibraryUserDefaults */,
				6CA3852526FEA689004A100D /* Products */,
			);
			sourceTree = "<group>";
		};
		6CA3852526FEA689004A100D /* Products */ = {
			isa = PBXGroup;
			children = (
				6CA3852426FEA689004A100D /* HwSwiftProj12PhotoLibraryUserDefaults.app */,
			);
			name = Products;
			sourceTree = "<group>";
		};
		6CA3852626FEA689004A100D /* HwSwiftProj12PhotoLibraryUserDefaults */ = {
			isa = PBXGroup;
			children = (
				6CA3852726FEA689004A100D /* AppDelegate.swift */,
				6CA3852926FEA689004A100D /* SceneDelegate.swift */,
				6CA3852B26FEA689004A100D /* ViewController.swift */,
				6CA3852D26FEA689004A100D /* Main.storyboard */,
				6CA3853026FEA68B004A100D /* Assets.xcassets */,
				6CA3853226FEA68B004A100D /* LaunchScreen.storyboard */,
				6CA3853526FEA68B004A100D /* Info.plist */,
				6CA3853B26FEAA94004A100D /* PersonCell.swift */,
				6CA3853D26FEAAAB004A100D /* Person.swift */,
			);
			path = HwSwiftProj12PhotoLibraryUserDefaults;
			sourceTree = "<group>";
		};
/* End PBXGroup section */

/* Begin PBXNativeTarget section */
		6CA3852326FEA689004A100D /* HwSwiftProj12PhotoLibraryUserDefaults */ = {
			isa = PBXNativeTarget;
			buildConfigurationList = 6CA3853826FEA68B004A100D /* Build configuration list for PBXNativeTarget "HwSwiftProj12PhotoLibraryUserDefaults" */;
			buildPhases = (
				6CA3852026FEA689004A100D /* Sources */,
				6CA3852126FEA689004A100D /* Frameworks */,
				6CA3852226FEA689004A100D /* Resources */,
			);
			buildRules = (
			);
			dependencies = (
			);
			name = HwSwiftProj12PhotoLibraryUserDefaults;
			productName = HwSwiftProj12PhotoLibraryUserDefaults;
			productReference = 6CA3852426FEA689004A100D /* HwSwiftProj12PhotoLibraryUserDefaults.app */;
			productType = "com.apple.product-type.application";
		};
/* End PBXNativeTarget section */

/* Begin PBXProject section */
		6CA3851C26FEA689004A100D /* Project object */ = {
			isa = PBXProject;
			attributes = {
				BuildIndependentTargetsInParallel = 1;
				LastSwiftUpdateCheck = 1300;
				LastUpgradeCheck = 1300;
				TargetAttributes = {
					6CA3852326FEA689004A100D = {
						CreatedOnToolsVersion = 13.0;
					};
				};
			};
			buildConfigurationList = 6CA3851F26FEA689004A100D /* Build configuration list for PBXProject "HwSwiftProj12PhotoLibraryUserDefaults" */;
			compatibilityVersion = "Xcode 13.0";
			developmentRegion = en;
			hasScannedForEncodings = 0;
			knownRegions = (
				en,
				Base,
			);
			mainGroup = 6CA3851B26FEA689004A100D;
			productRefGroup = 6CA3852526FEA689004A100D /* Products */;
			projectDirPath = "";
			projectRoot = "";
			targets = (
				6CA3852326FEA689004A100D /* HwSwiftProj12PhotoLibraryUserDefaults */,
			);
		};
/* End PBXProject section */

/* Begin PBXResourcesBuildPhase section */
		6CA3852226FEA689004A100D /* Resources */ = {
			isa = PBXResourcesBuildPhase;
			buildActionMask = 2147483647;
			files = (
				6CA3853426FEA68B004A100D /* LaunchScreen.storyboard in Resources */,
				6CA3853126FEA68B004A100D /* Assets.xcassets in Resources */,
				6CA3852F26FEA689004A100D /* Main.storyboard in Resources */,
			);
			runOnlyForDeploymentPostprocessing = 0;
		};
/* End PBXResourcesBuildPhase section */

/* Begin PBXSourcesBuildPhase section */
		6CA3852026FEA689004A100D /* Sources */ = {
			isa = PBXSourcesBuildPhase;
			buildActionMask = 2147483647;
			files = (
				6CA3853E26FEAAAB004A100D /* Person.swift in Sources */,
				6CA3852C26FEA689004A100D /* ViewController.swift in Sources */,
				6CA3852826FEA689004A100D /* AppDelegate.swift in Sources */,
				6CA3853C26FEAA94004A100D /* PersonCell.swift in Sources */,
				6CA3852A26FEA689004A100D /* SceneDelegate.swift in Sources */,
			);
			runOnlyForDeploymentPostprocessing = 0;
		};
/* End PBXSourcesBuildPhase section */

/* Begin PBXVariantGroup section */
		6CA3852D26FEA689004A100D /* Main.storyboard */ = {
			isa = PBXVariantGroup;
			children = (
				6CA3852E26FEA689004A100D /* Base */,
			);
			name = Main.storyboard;
			sourceTree = "<group>";
		};
		6CA3853226FEA68B004A100D /* LaunchScreen.storyboard */ = {
			isa = PBXVariantGroup;
			children = (
				6CA3853326FEA68B004A100D /* Base */,
			);
			name = LaunchScreen.storyboard;
			sourceTree = "<group>";
		};
/* End PBXVariantGroup section */

/* Begin XCBuildConfiguration section */
		6CA3853626FEA68B004A100D /* Debug */ = {
			isa = XCBuildConfiguration;
			buildSettings = {
				ALWAYS_SEARCH_USER_PATHS = NO;
				CLANG_ANALYZER_NONNULL = YES;
				CLANG_ANALYZER_NUMBER_OBJECT_CONVERSION = YES_AGGRESSIVE;
				CLANG_CXX_LANGUAGE_STANDARD = "gnu++17";
				CLANG_CXX_LIBRARY = "libc++";
				CLANG_ENABLE_MODULES = YES;
				CLANG_ENABLE_OBJC_ARC = YES;
				CLANG_ENABLE_OBJC_WEAK = YES;
				CLANG_WARN_BLOCK_CAPTURE_AUTORELEASING = YES;
				CLANG_WARN_BOOL_CONVERSION = YES;
				CLANG_WARN_COMMA = YES;
				CLANG_WARN_CONSTANT_CONVERSION = YES;
				CLANG_WARN_DEPRECATED_OBJC_IMPLEMENTATIONS = YES;
				CLANG_WARN_DIRECT_OBJC_ISA_USAGE = YES_ERROR;
				CLANG_WARN_DOCUMENTATION_COMMENTS = YES;
				CLANG_WARN_EMPTY_BODY = YES;
				CLANG_WARN_ENUM_CONVERSION = YES;
				CLANG_WARN_INFINITE_RECURSION = YES;
				CLANG_WARN_INT_CONVERSION = YES;
				CLANG_WARN_NON_LITERAL_NULL_CONVERSION = YES;
				CLANG_WARN_OBJC_IMPLICIT_RETAIN_SELF = YES;
				CLANG_WARN_OBJC_LITERAL_CONVERSION = YES;
				CLANG_WARN_OBJC_ROOT_CLASS = YES_ERROR;
				CLANG_WARN_QUOTED_INCLUDE_IN_FRAMEWORK_HEADER = YES;
				CLANG_WARN_RANGE_LOOP_ANALYSIS = YES;
				CLANG_WARN_STRICT_PROTOTYPES = YES;
				CLANG_WARN_SUSPICIOUS_MOVE = YES;
				CLANG_WARN_UNGUARDED_AVAILABILITY = YES_AGGRESSIVE;
				CLANG_WARN_UNREACHABLE_CODE = YES;
				CLANG_WARN__DUPLICATE_METHOD_MATCH = YES;
				COPY_PHASE_STRIP = NO;
				DEBUG_INFORMATION_FORMAT = dwarf;
				ENABLE_STRICT_OBJC_MSGSEND = YES;
				ENABLE_TESTABILITY = YES;
				GCC_C_LANGUAGE_STANDARD = gnu11;
				GCC_DYNAMIC_NO_PIC = NO;
				GCC_NO_COMMON_BLOCKS = YES;
				GCC_OPTIMIZATION_LEVEL = 0;
				GCC_PREPROCESSOR_DEFINITIONS = (
					"DEBUG=1",
					"$(inherited)",
				);
				GCC_WARN_64_TO_32_BIT_CONVERSION = YES;
				GCC_WARN_ABOUT_RETURN_TYPE = YES_ERROR;
				GCC_WARN_UNDECLARED_SELECTOR = YES;
				GCC_WARN_UNINITIALIZED_AUTOS = YES_AGGRESSIVE;
				GCC_WARN_UNUSED_FUNCTION = YES;
				GCC_WARN_UNUSED_VARIABLE = YES;
				IPHONEOS_DEPLOYMENT_TARGET = 15.0;
				MTL_ENABLE_DEBUG_INFO = INCLUDE_SOURCE;
				MTL_FAST_MATH = YES;
				ONLY_ACTIVE_ARCH = YES;
				SDKROOT = iphoneos;
				SWIFT_ACTIVE_COMPILATION_CONDITIONS = DEBUG;
				SWIFT_OPTIMIZATION_LEVEL = "-Onone";
			};
			name = Debug;
		};
		6CA3853726FEA68B004A100D /* Release */ = {
			isa = XCBuildConfiguration;
			buildSettings = {
				ALWAYS_SEARCH_USER_PATHS = NO;
				CLANG_ANALYZER_NONNULL = YES;
				CLANG_ANALYZER_NUMBER_OBJECT_CONVERSION = YES_AGGRESSIVE;
				CLANG_CXX_LANGUAGE_STANDARD = "gnu++17";
				CLANG_CXX_LIBRARY = "libc++";
				CLANG_ENABLE_MODULES = YES;
				CLANG_ENABLE_OBJC_ARC = YES;
				CLANG_ENABLE_OBJC_WEAK = YES;
				CLANG_WARN_BLOCK_CAPTURE_AUTORELEASING = YES;
				CLANG_WARN_BOOL_CONVERSION = YES;
				CLANG_WARN_COMMA = YES;
				CLANG_WARN_CONSTANT_CONVERSION = YES;
				CLANG_WARN_DEPRECATED_OBJC_IMPLEMENTATIONS = YES;
				CLANG_WARN_DIRECT_OBJC_ISA_USAGE = YES_ERROR;
				CLANG_WARN_DOCUMENTATION_COMMENTS = YES;
				CLANG_WARN_EMPTY_BODY = YES;
				CLANG_WARN_ENUM_CONVERSION = YES;
				CLANG_WARN_INFINITE_RECURSION = YES;
				CLANG_WARN_INT_CONVERSION = YES;
				CLANG_WARN_NON_LITERAL_NULL_CONVERSION = YES;
				CLANG_WARN_OBJC_IMPLICIT_RETAIN_SELF = YES;
				CLANG_WARN_OBJC_LITERAL_CONVERSION = YES;
				CLANG_WARN_OBJC_ROOT_CLASS = YES_ERROR;
				CLANG_WARN_QUOTED_INCLUDE_IN_FRAMEWORK_HEADER = YES;
				CLANG_WARN_RANGE_LOOP_ANALYSIS = YES;
				CLANG_WARN_STRICT_PROTOTYPES = YES;
				CLANG_WARN_SUSPICIOUS_MOVE = YES;
				CLANG_WARN_UNGUARDED_AVAILABILITY = YES_AGGRESSIVE;
				CLANG_WARN_UNREACHABLE_CODE = YES;
				CLANG_WARN__DUPLICATE_METHOD_MATCH = YES;
				COPY_PHASE_STRIP = NO;
				DEBUG_INFORMATION_FORMAT = "dwarf-with-dsym";
				ENABLE_NS_ASSERTIONS = NO;
				ENABLE_STRICT_OBJC_MSGSEND = YES;
				GCC_C_LANGUAGE_STANDARD = gnu11;
				GCC_NO_COMMON_BLOCKS = YES;
				GCC_WARN_64_TO_32_BIT_CONVERSION = YES;
				GCC_WARN_ABOUT_RETURN_TYPE = YES_ERROR;
				GCC_WARN_UNDECLARED_SELECTOR = YES;
				GCC_WARN_UNINITIALIZED_AUTOS = YES_AGGRESSIVE;
				GCC_WARN_UNUSED_FUNCTION = YES;
				GCC_WARN_UNUSED_VARIABLE = YES;
				IPHONEOS_DEPLOYMENT_TARGET = 15.0;
				MTL_ENABLE_DEBUG_INFO = NO;
				MTL_FAST_MATH = YES;
				SDKROOT = iphoneos;
				SWIFT_COMPILATION_MODE = wholemodule;
				SWIFT_OPTIMIZATION_LEVEL = "-O";
				VALIDATE_PRODUCT = YES;
			};
			name = Release;
		};
		6CA3853926FEA68B004A100D /* Debug */ = {
			isa = XCBuildConfiguration;
			buildSettings = {
				ASSETCATALOG_COMPILER_APPICON_NAME = AppIcon;
				ASSETCATALOG_COMPILER_GLOBAL_ACCENT_COLOR_NAME = AccentColor;
				CODE_SIGN_STYLE = Automatic;
				CURRENT_PROJECT_VERSION = 1;
				DEVELOPMENT_TEAM = 23A82YNP8D;
				GENERATE_INFOPLIST_FILE = YES;
				INFOPLIST_FILE = HwSwiftProj12PhotoLibraryUserDefaults/Info.plist;
				INFOPLIST_KEY_UIApplicationSupportsIndirectInputEvents = YES;
				INFOPLIST_KEY_UILaunchStoryboardName = LaunchScreen;
				INFOPLIST_KEY_UIMainStoryboardFile = Main;
				INFOPLIST_KEY_UISupportedInterfaceOrientations_iPad = "UIInterfaceOrientationPortrait UIInterfaceOrientationPortraitUpsideDown UIInterfaceOrientationLandscapeLeft UIInterfaceOrientationLandscapeRight";
				INFOPLIST_KEY_UISupportedInterfaceOrientations_iPhone = "UIInterfaceOrientationPortrait UIInterfaceOrientationLandscapeLeft UIInterfaceOrientationLandscapeRight";
				LD_RUNPATH_SEARCH_PATHS = (
					"$(inherited)",
					"@executable_path/Frameworks",
				);
				MARKETING_VERSION = 1.0;
				PRODUCT_BUNDLE_IDENTIFIER = com.wibowo.HwSwiftProj12PhotoLibraryUserDefaults;
				PRODUCT_NAME = "$(TARGET_NAME)";
				SWIFT_EMIT_LOC_STRINGS = YES;
				SWIFT_VERSION = 5.0;
				TARGETED_DEVICE_FAMILY = 1;
			};
			name = Debug;
		};
		6CA3853A26FEA68B004A100D /* Release */ = {
			isa = XCBuildConfiguration;
			buildSettings = {
				ASSETCATALOG_COMPILER_APPICON_NAME = AppIcon;
				ASSETCATALOG_COMPILER_GLOBAL_ACCENT_COLOR_NAME = AccentColor;
				CODE_SIGN_STYLE = Automatic;
				CURRENT_PROJECT_VERSION = 1;
				DEVELOPMENT_TEAM = 23A82YNP8D;
				GENERATE_INFOPLIST_FILE = YES;
				INFOPLIST_FILE = HwSwiftProj12PhotoLibraryUserDefaults/Info.plist;
				INFOPLIST_KEY_UIApplicationSupportsIndirectInputEvents = YES;
				INFOPLIST_KEY_UILaunchStoryboardName = LaunchScreen;
				INFOPLIST_KEY_UIMainStoryboardFile = Main;
				INFOPLIST_KEY_UISupportedInterfaceOrientations_iPad = "UIInterfaceOrientationPortrait UIInterfaceOrientationPortraitUpsideDown UIInterfaceOrientationLandscapeLeft UIInterfaceOrientationLandscapeRight";
				INFOPLIST_KEY_UISupportedInterfaceOrientations_iPhone = "UIInterfaceOrientationPortrait UIInterfaceOrientationLandscapeLeft UIInterfaceOrientationLandscapeRight";
				LD_RUNPATH_SEARCH_PATHS = (
					"$(inherited)",
					"@executable_path/Frameworks",
				);
				MARKETING_VERSION = 1.0;
				PRODUCT_BUNDLE_IDENTIFIER = com.wibowo.HwSwiftProj12PhotoLibraryUserDefaults;
				PRODUCT_NAME = "$(TARGET_NAME)";
				SWIFT_EMIT_LOC_STRINGS = YES;
				SWIFT_VERSION = 5.0;
				TARGETED_DEVICE_FAMILY = 1;
			};
			name = Release;
		};
/* End XCBuildConfiguration section */

/* Begin XCConfigurationList section */
		6CA3851F26FEA689004A100D /* Build configuration list for PBXProject "HwSwiftProj12PhotoLibraryUserDefaults" */ = {
			isa = XCConfigurationList;
			buildConfigurations = (
				6CA3853626FEA68B004A100D /* Debug */,
				6CA3853726FEA68B004A100D /* Release */,
			);
			defaultConfigurationIsVisible = 0;
			defaultConfigurationName = Release;
		};
		6CA3853826FEA68B004A100D /* Build configuration list for PBXNativeTarget "HwSwiftProj12PhotoLibraryUserDefaults" */ = {
			isa = XCConfigurationList;
			buildConfigurations = (
				6CA3853926FEA68B004A100D /* Debug */,
				6CA3853A26FEA68B004A100D /* Release */,
			);
			defaultConfigurationIsVisible = 0;
			defaultConfigurationName = Release;
		};
/* End XCConfigurationList section */
	};
	rootObject = 6CA3851C26FEA689004A100D /* Project object */;
}
